<Solution>
  <Folder Name="/src/">
    <Project Path="src/Catalog.Api/Catalog.Api.csproj" />
    <Project Path="src/Catalog.Application/Catalog.Application.csproj" />
    <Project Path="src/Catalog.Domain/Catalog.Domain.csproj" />
    <Project Path="src/Catalog.Infrastructure/Catalog.Infrastructure.csproj" />
  </Folder>
</Solution>
